
Microsoft Visual Studio Solution File, Format Version 12.00
# Visual Studio 15
VisualStudioVersion = 15.0.28307.168
MinimumVisualStudioVersion = 10.0.40219.1
Project("{8BC9CEB8-8B4A-11D0-8D11-00A0C91BC942}") = "hw3", "hw3\hw3.vcxproj", "{7DC1504D-7E6D-417A-86D4-734123793942}"
EndProject
Global
	GlobalSection(SolutionConfigurationPlatforms) = preSolution
		Debug|x64 = Debug|x64
		Debug|x86 = Debug|x86
		Release|x64 = Release|x64
		Release|x86 = Release|x86
	EndGlobalSection
	GlobalSection(ProjectConfigurationPlatforms) = postSolution
		{7DC1504D-7E6D-417A-86D4-734123793942}.Debug|x64.ActiveCfg = Debug|x64
		{7DC1504D-7E6D-417A-86D4-734123793942}.Debug|x64.Build.0 = Debug|x64
		{7DC1504D-7E6D-417A-86D4-734123793942}.Debug|x86.ActiveCfg = Debug|Win32
		{7DC1504D-7E6D-417A-86D4-734123793942}.Debug|x86.Build.0 = Debug|Win32
		{7DC1504D-7E6D-417A-86D4-734123793942}.Release|x64.ActiveCfg = Release|x64
		{7DC1504D-7E6D-417A-86D4-734123793942}.Release|x64.Build.0 = Release|x64
		{7DC1504D-7E6D-417A-86D4-734123793942}.Release|x86.ActiveCfg = Release|Win32
		{7DC1504D-7E6D-417A-86D4-734123793942}.Release|x86.Build.0 = Release|Win32
	EndGlobalSection
	GlobalSection(SolutionProperties) = preSolution
		HideSolutionNode = FALSE
	EndGlobalSection
	GlobalSection(ExtensibilityGlobals) = postSolution
		SolutionGuid = {0092D3BD-5C62-45B3-8F96-E0E9DA6C6645}
	EndGlobalSection
EndGlobal
